// !$*UTF8*$!
{
	archiveVersion = 1;
	classes = {
	};
	objectVersion = 56;
	objects = {

/* Begin PBXBuildFile section */
		D07C5FB52C3703DB00BA224F /* FirebaseFirestore in Frameworks */ = {isa = PBXBuildFile; productRef = D07C5FB42C3703DB00BA224F /* FirebaseFirestore */; };
		D07C5FB72C3703E200BA224F /* FirebaseFirestoreSwift in Frameworks */ = {isa = PBXBuildFile; productRef = D07C5FB62C3703E200BA224F /* FirebaseFirestoreSwift */; };
		D07C5FB92C3703EA00BA224F /* FirebaseFirestoreCombine-Community in Frameworks */ = {isa = PBXBuildFile; productRef = D07C5FB82C3703EA00BA224F /* FirebaseFirestoreCombine-Community */; };
		D07C5FBB2C3704FD00BA224F /* Extensions.swift in Sources */ = {isa = PBXBuildFile; fileRef = D07C5FBA2C3704FD00BA224F /* Extensions.swift */; };
		D0DC67CD2C31A3BC00FA94EE /* ToDoListApp.swift in Sources */ = {isa = PBXBuildFile; fileRef = D0DC67CC2C31A3BC00FA94EE /* ToDoListApp.swift */; };
		D0DC67CF2C31A3BC00FA94EE /* MainView.swift in Sources */ = {isa = PBXBuildFile; fileRef = D0DC67CE2C31A3BC00FA94EE /* MainView.swift */; };
		D0DC67D12C31A3BD00FA94EE /* Assets.xcassets in Resources */ = {isa = PBXBuildFile; fileRef = D0DC67D02C31A3BD00FA94EE /* Assets.xcassets */; };
		D0DC67D42C31A3BD00FA94EE /* Preview Assets.xcassets in Resources */ = {isa = PBXBuildFile; fileRef = D0DC67D32C31A3BD00FA94EE /* Preview Assets.xcassets */; };
		D0DC67DC2C31AC2100FA94EE /* FirebaseAnalytics in Frameworks */ = {isa = PBXBuildFile; productRef = D0DC67DB2C31AC2100FA94EE /* FirebaseAnalytics */; };
		D0DC67DE2C31AC2100FA94EE /* FirebaseAnalyticsOnDeviceConversion in Frameworks */ = {isa = PBXBuildFile; productRef = D0DC67DD2C31AC2100FA94EE /* FirebaseAnalyticsOnDeviceConversion */; };
		D0DC67E02C31AC2100FA94EE /* FirebaseAnalyticsSwift in Frameworks */ = {isa = PBXBuildFile; productRef = D0DC67DF2C31AC2100FA94EE /* FirebaseAnalyticsSwift */; };
		D0DC67E22C31AC2100FA94EE /* FirebaseAnalyticsWithoutAdIdSupport in Frameworks */ = {isa = PBXBuildFile; productRef = D0DC67E12C31AC2100FA94EE /* FirebaseAnalyticsWithoutAdIdSupport */; };
		D0DC67E42C31AC2100FA94EE /* FirebaseAppCheck in Frameworks */ = {isa = PBXBuildFile; productRef = D0DC67E32C31AC2100FA94EE /* FirebaseAppCheck */; };
		D0DC67E62C31AC2100FA94EE /* FirebaseAppDistribution-Beta in Frameworks */ = {isa = PBXBuildFile; productRef = D0DC67E52C31AC2100FA94EE /* FirebaseAppDistribution-Beta */; };
		D0DC67E82C31AC2100FA94EE /* FirebaseAuth in Frameworks */ = {isa = PBXBuildFile; productRef = D0DC67E72C31AC2100FA94EE /* FirebaseAuth */; };
		D0DC67EA2C31AC2100FA94EE /* FirebaseAuthCombine-Community in Frameworks */ = {isa = PBXBuildFile; productRef = D0DC67E92C31AC2100FA94EE /* FirebaseAuthCombine-Community */; };
		D0DC67EC2C31AC2100FA94EE /* FirebaseCrashlytics in Frameworks */ = {isa = PBXBuildFile; productRef = D0DC67EB2C31AC2100FA94EE /* FirebaseCrashlytics */; };
		D0DC67EE2C31AFA300FA94EE /* GoogleService-Info.plist in Resources */ = {isa = PBXBuildFile; fileRef = D0DC67ED2C31AFA300FA94EE /* GoogleService-Info.plist */; };
		D0DC67F52C32FC0300FA94EE /* ProfileView.swift in Sources */ = {isa = PBXBuildFile; fileRef = D0DC67F42C32FC0300FA94EE /* ProfileView.swift */; };
		D0DC67F72C32FC3400FA94EE /* ToDoListView.swift in Sources */ = {isa = PBXBuildFile; fileRef = D0DC67F62C32FC3400FA94EE /* ToDoListView.swift */; };
		D0DC67F92C32FC6C00FA94EE /* NewItemView.swift in Sources */ = {isa = PBXBuildFile; fileRef = D0DC67F82C32FC6C00FA94EE /* NewItemView.swift */; };
		D0DC67FB2C32FC8300FA94EE /* LoginView.swift in Sources */ = {isa = PBXBuildFile; fileRef = D0DC67FA2C32FC8300FA94EE /* LoginView.swift */; };
		D0DC67FD2C32FCA600FA94EE /* RegisterView.swift in Sources */ = {isa = PBXBuildFile; fileRef = D0DC67FC2C32FCA600FA94EE /* RegisterView.swift */; };
		D0DC67FF2C32FD5000FA94EE /* ToDoListItemView.swift in Sources */ = {isa = PBXBuildFile; fileRef = D0DC67FE2C32FD5000FA94EE /* ToDoListItemView.swift */; };
		D0DC68012C32FD7900FA94EE /* User.swift in Sources */ = {isa = PBXBuildFile; fileRef = D0DC68002C32FD7900FA94EE /* User.swift */; };
		D0DC68032C32FD9A00FA94EE /* ToDoListItem.swift in Sources */ = {isa = PBXBuildFile; fileRef = D0DC68022C32FD9A00FA94EE /* ToDoListItem.swift */; };
		D0DC68052C32FF0200FA94EE /* MainViewViewModel.swift in Sources */ = {isa = PBXBuildFile; fileRef = D0DC68042C32FF0200FA94EE /* MainViewViewModel.swift */; };
		D0DC68072C32FF3200FA94EE /* ProfileViewViewModel.swift in Sources */ = {isa = PBXBuildFile; fileRef = D0DC68062C32FF3200FA94EE /* ProfileViewViewModel.swift */; };
		D0DC68092C32FF7B00FA94EE /* ToDoListViewViewModel.swift in Sources */ = {isa = PBXBuildFile; fileRef = D0DC68082C32FF7B00FA94EE /* ToDoListViewViewModel.swift */; };
		D0DC680B2C32FFAB00FA94EE /* NewItemViewViewModel.swift in Sources */ = {isa = PBXBuildFile; fileRef = D0DC680A2C32FFAB00FA94EE /* NewItemViewViewModel.swift */; };
		D0DC680D2C32FFEA00FA94EE /* LoginViewViewModel.swift in Sources */ = {isa = PBXBuildFile; fileRef = D0DC680C2C32FFEA00FA94EE /* LoginViewViewModel.swift */; };
		D0DC680F2C33000700FA94EE /* RegisterViewViewModel.swift in Sources */ = {isa = PBXBuildFile; fileRef = D0DC680E2C33000700FA94EE /* RegisterViewViewModel.swift */; };
		D0DC68112C33008500FA94EE /* ToDoListItemViewViewModel.swift in Sources */ = {isa = PBXBuildFile; fileRef = D0DC68102C33008500FA94EE /* ToDoListItemViewViewModel.swift */; };
		D0DC68132C330A4700FA94EE /* HeaderView.swift in Sources */ = {isa = PBXBuildFile; fileRef = D0DC68122C330A4700FA94EE /* HeaderView.swift */; };
		D0DC68152C34514500FA94EE /* TLButton.swift in Sources */ = {isa = PBXBuildFile; fileRef = D0DC68142C34514500FA94EE /* TLButton.swift */; };
/* End PBXBuildFile section */

/* Begin PBXFileReference section */
		D07C5FBA2C3704FD00BA224F /* Extensions.swift */ = {isa = PBXFileReference; lastKnownFileType = sourcecode.swift; path = Extensions.swift; sourceTree = "<group>"; };
		D0DC67C92C31A3BC00FA94EE /* ToDoList.app */ = {isa = PBXFileReference; explicitFileType = wrapper.application; includeInIndex = 0; path = ToDoList.app; sourceTree = BUILT_PRODUCTS_DIR; };
		D0DC67CC2C31A3BC00FA94EE /* ToDoListApp.swift */ = {isa = PBXFileReference; lastKnownFileType = sourcecode.swift; path = ToDoListApp.swift; sourceTree = "<group>"; };
		D0DC67CE2C31A3BC00FA94EE /* MainView.swift */ = {isa = PBXFileReference; lastKnownFileType = sourcecode.swift; path = MainView.swift; sourceTree = "<group>"; };
		D0DC67D02C31A3BD00FA94EE /* Assets.xcassets */ = {isa = PBXFileReference; lastKnownFileType = folder.assetcatalog; path = Assets.xcassets; sourceTree = "<group>"; };
		D0DC67D32C31A3BD00FA94EE /* Preview Assets.xcassets */ = {isa = PBXFileReference; lastKnownFileType = folder.assetcatalog; path = "Preview Assets.xcassets"; sourceTree = "<group>"; };
		D0DC67ED2C31AFA300FA94EE /* GoogleService-Info.plist */ = {isa = PBXFileReference; fileEncoding = 4; lastKnownFileType = text.plist.xml; path = "GoogleService-Info.plist"; sourceTree = "<group>"; };
		D0DC67F42C32FC0300FA94EE /* ProfileView.swift */ = {isa = PBXFileReference; lastKnownFileType = sourcecode.swift; path = ProfileView.swift; sourceTree = "<group>"; };
		D0DC67F62C32FC3400FA94EE /* ToDoListView.swift */ = {isa = PBXFileReference; lastKnownFileType = sourcecode.swift; path = ToDoListView.swift; sourceTree = "<group>"; };
		D0DC67F82C32FC6C00FA94EE /* NewItemView.swift */ = {isa = PBXFileReference; lastKnownFileType = sourcecode.swift; path = NewItemView.swift; sourceTree = "<group>"; };
		D0DC67FA2C32FC8300FA94EE /* LoginView.swift */ = {isa = PBXFileReference; lastKnownFileType = sourcecode.swift; path = LoginView.swift; sourceTree = "<group>"; };
		D0DC67FC2C32FCA600FA94EE /* RegisterView.swift */ = {isa = PBXFileReference; lastKnownFileType = sourcecode.swift; path = RegisterView.swift; sourceTree = "<group>"; };
		D0DC67FE2C32FD5000FA94EE /* ToDoListItemView.swift */ = {isa = PBXFileReference; lastKnownFileType = sourcecode.swift; path = ToDoListItemView.swift; sourceTree = "<group>"; };
		D0DC68002C32FD7900FA94EE /* User.swift */ = {isa = PBXFileReference; lastKnownFileType = sourcecode.swift; path = User.swift; sourceTree = "<group>"; };
		D0DC68022C32FD9A00FA94EE /* ToDoListItem.swift */ = {isa = PBXFileReference; lastKnownFileType = sourcecode.swift; path = ToDoListItem.swift; sourceTree = "<group>"; };
		D0DC68042C32FF0200FA94EE /* MainViewViewModel.swift */ = {isa = PBXFileReference; lastKnownFileType = sourcecode.swift; path = MainViewViewModel.swift; sourceTree = "<group>"; };
		D0DC68062C32FF3200FA94EE /* ProfileViewViewModel.swift */ = {isa = PBXFileReference; lastKnownFileType = sourcecode.swift; path = ProfileViewViewModel.swift; sourceTree = "<group>"; };
		D0DC68082C32FF7B00FA94EE /* ToDoListViewViewModel.swift */ = {isa = PBXFileReference; lastKnownFileType = sourcecode.swift; path = ToDoListViewViewModel.swift; sourceTree = "<group>"; };
		D0DC680A2C32FFAB00FA94EE /* NewItemViewViewModel.swift */ = {isa = PBXFileReference; lastKnownFileType = sourcecode.swift; path = NewItemViewViewModel.swift; sourceTree = "<group>"; };
		D0DC680C2C32FFEA00FA94EE /* LoginViewViewModel.swift */ = {isa = PBXFileReference; lastKnownFileType = sourcecode.swift; path = LoginViewViewModel.swift; sourceTree = "<group>"; };
		D0DC680E2C33000700FA94EE /* RegisterViewViewModel.swift */ = {isa = PBXFileReference; lastKnownFileType = sourcecode.swift; path = RegisterViewViewModel.swift; sourceTree = "<group>"; };
		D0DC68102C33008500FA94EE /* ToDoListItemViewViewModel.swift */ = {isa = PBXFileReference; lastKnownFileType = sourcecode.swift; path = ToDoListItemViewViewModel.swift; sourceTree = "<group>"; };
		D0DC68122C330A4700FA94EE /* HeaderView.swift */ = {isa = PBXFileReference; lastKnownFileType = sourcecode.swift; path = HeaderView.swift; sourceTree = "<group>"; };
		D0DC68142C34514500FA94EE /* TLButton.swift */ = {isa = PBXFileReference; lastKnownFileType = sourcecode.swift; path = TLButton.swift; sourceTree = "<group>"; };
/* End PBXFileReference section */

/* Begin PBXFrameworksBuildPhase section */
		D0DC67C62C31A3BC00FA94EE /* Frameworks */ = {
			isa = PBXFrameworksBuildPhase;
			buildActionMask = 2147483647;
			files = (
				D0DC67E02C31AC2100FA94EE /* FirebaseAnalyticsSwift in Frameworks */,
				D0DC67DC2C31AC2100FA94EE /* FirebaseAnalytics in Frameworks */,
				D0DC67DE2C31AC2100FA94EE /* FirebaseAnalyticsOnDeviceConversion in Frameworks */,
				D07C5FB52C3703DB00BA224F /* FirebaseFirestore in Frameworks */,
				D0DC67E42C31AC2100FA94EE /* FirebaseAppCheck in Frameworks */,
				D07C5FB72C3703E200BA224F /* FirebaseFirestoreSwift in Frameworks */,
				D0DC67E22C31AC2100FA94EE /* FirebaseAnalyticsWithoutAdIdSupport in Frameworks */,
				D0DC67E82C31AC2100FA94EE /* FirebaseAuth in Frameworks */,
				D0DC67EC2C31AC2100FA94EE /* FirebaseCrashlytics in Frameworks */,
				D07C5FB92C3703EA00BA224F /* FirebaseFirestoreCombine-Community in Frameworks */,
				D0DC67E62C31AC2100FA94EE /* FirebaseAppDistribution-Beta in Frameworks */,
				D0DC67EA2C31AC2100FA94EE /* FirebaseAuthCombine-Community in Frameworks */,
			);
			runOnlyForDeploymentPostprocessing = 0;
		};
/* End PBXFrameworksBuildPhase section */

/* Begin PBXGroup section */
		D07C5FB32C3703DB00BA224F /* Frameworks */ = {
			isa = PBXGroup;
			children = (
			);
			name = Frameworks;
			sourceTree = "<group>";
		};
		D0DC67C02C31A3BC00FA94EE = {
			isa = PBXGroup;
			children = (
				D0DC67CB2C31A3BC00FA94EE /* ToDoList */,
				D0DC67CA2C31A3BC00FA94EE /* Products */,
				D07C5FB32C3703DB00BA224F /* Frameworks */,
			);
			sourceTree = "<group>";
		};
		D0DC67CA2C31A3BC00FA94EE /* Products */ = {
			isa = PBXGroup;
			children = (
				D0DC67C92C31A3BC00FA94EE /* ToDoList.app */,
			);
			name = Products;
			sourceTree = "<group>";
		};
		D0DC67CB2C31A3BC00FA94EE /* ToDoList */ = {
			isa = PBXGroup;
			children = (
				D0DC67F32C32F79700FA94EE /* Other */,
				D0DC67F22C32F72300FA94EE /* Models */,
				D0DC67F12C32F70200FA94EE /* ViewModels */,
				D0DC67EF2C32F6D000FA94EE /* Views */,
				D0DC67D22C31A3BD00FA94EE /* Preview Content */,
			);
			path = ToDoList;
			sourceTree = "<group>";
		};
		D0DC67D22C31A3BD00FA94EE /* Preview Content */ = {
			isa = PBXGroup;
			children = (
				D0DC67D32C31A3BD00FA94EE /* Preview Assets.xcassets */,
			);
			path = "Preview Content";
			sourceTree = "<group>";
		};
		D0DC67EF2C32F6D000FA94EE /* Views */ = {
			isa = PBXGroup;
			children = (
				D0DC67CE2C31A3BC00FA94EE /* MainView.swift */,
				D0DC67F42C32FC0300FA94EE /* ProfileView.swift */,
				D0DC67F62C32FC3400FA94EE /* ToDoListView.swift */,
				D0DC67F82C32FC6C00FA94EE /* NewItemView.swift */,
				D0DC67FA2C32FC8300FA94EE /* LoginView.swift */,
				D0DC67FC2C32FCA600FA94EE /* RegisterView.swift */,
				D0DC67FE2C32FD5000FA94EE /* ToDoListItemView.swift */,
				D0DC68122C330A4700FA94EE /* HeaderView.swift */,
				D0DC68142C34514500FA94EE /* TLButton.swift */,
			);
			path = Views;
			sourceTree = "<group>";
		};
		D0DC67F12C32F70200FA94EE /* ViewModels */ = {
			isa = PBXGroup;
			children = (
				D0DC68042C32FF0200FA94EE /* MainViewViewModel.swift */,
				D0DC68062C32FF3200FA94EE /* ProfileViewViewModel.swift */,
				D0DC680A2C32FFAB00FA94EE /* NewItemViewViewModel.swift */,
				D0DC680C2C32FFEA00FA94EE /* LoginViewViewModel.swift */,
				D0DC680E2C33000700FA94EE /* RegisterViewViewModel.swift */,
				D0DC68082C32FF7B00FA94EE /* ToDoListViewViewModel.swift */,
				D0DC68102C33008500FA94EE /* ToDoListItemViewViewModel.swift */,
			);
			path = ViewModels;
			sourceTree = "<group>";
		};
		D0DC67F22C32F72300FA94EE /* Models */ = {
			isa = PBXGroup;
			children = (
				D0DC68002C32FD7900FA94EE /* User.swift */,
				D0DC68022C32FD9A00FA94EE /* ToDoListItem.swift */,
			);
			path = Models;
			sourceTree = "<group>";
		};
		D0DC67F32C32F79700FA94EE /* Other */ = {
			isa = PBXGroup;
			children = (
				D0DC67CC2C31A3BC00FA94EE /* ToDoListApp.swift */,
				D0DC67ED2C31AFA300FA94EE /* GoogleService-Info.plist */,
				D0DC67D02C31A3BD00FA94EE /* Assets.xcassets */,
				D07C5FBA2C3704FD00BA224F /* Extensions.swift */,
			);
			path = Other;
			sourceTree = "<group>";
		};
/* End PBXGroup section */

/* Begin PBXNativeTarget section */
		D0DC67C82C31A3BC00FA94EE /* ToDoList */ = {
			isa = PBXNativeTarget;
			buildConfigurationList = D0DC67D72C31A3BD00FA94EE /* Build configuration list for PBXNativeTarget "ToDoList" */;
			buildPhases = (
				D0DC67C52C31A3BC00FA94EE /* Sources */,
				D0DC67C62C31A3BC00FA94EE /* Frameworks */,
				D0DC67C72C31A3BC00FA94EE /* Resources */,
			);
			buildRules = (
			);
			dependencies = (
			);
			name = ToDoList;
			packageProductDependencies = (
				D0DC67DB2C31AC2100FA94EE /* FirebaseAnalytics */,
				D0DC67DD2C31AC2100FA94EE /* FirebaseAnalyticsOnDeviceConversion */,
				D0DC67DF2C31AC2100FA94EE /* FirebaseAnalyticsSwift */,
				D0DC67E12C31AC2100FA94EE /* FirebaseAnalyticsWithoutAdIdSupport */,
				D0DC67E32C31AC2100FA94EE /* FirebaseAppCheck */,
				D0DC67E52C31AC2100FA94EE /* FirebaseAppDistribution-Beta */,
				D0DC67E72C31AC2100FA94EE /* FirebaseAuth */,
				D0DC67E92C31AC2100FA94EE /* FirebaseAuthCombine-Community */,
				D0DC67EB2C31AC2100FA94EE /* FirebaseCrashlytics */,
				D07C5FB42C3703DB00BA224F /* FirebaseFirestore */,
				D07C5FB62C3703E200BA224F /* FirebaseFirestoreSwift */,
				D07C5FB82C3703EA00BA224F /* FirebaseFirestoreCombine-Community */,
			);
			productName = ToDoList;
			productReference = D0DC67C92C31A3BC00FA94EE /* ToDoList.app */;
			productType = "com.apple.product-type.application";
		};
/* End PBXNativeTarget section */

/* Begin PBXProject section */
		D0DC67C12C31A3BC00FA94EE /* Project object */ = {
			isa = PBXProject;
			attributes = {
				BuildIndependentTargetsInParallel = 1;
				LastSwiftUpdateCheck = 1520;
				LastUpgradeCheck = 1520;
				TargetAttributes = {
					D0DC67C82C31A3BC00FA94EE = {
						CreatedOnToolsVersion = 15.2;
					};
				};
			};
			buildConfigurationList = D0DC67C42C31A3BC00FA94EE /* Build configuration list for PBXProject "ToDoList" */;
			compatibilityVersion = "Xcode 14.0";
			developmentRegion = en;
			hasScannedForEncodings = 0;
			knownRegions = (
				en,
				Base,
			);
			mainGroup = D0DC67C02C31A3BC00FA94EE;
			packageReferences = (
				D0DC67DA2C31AC2100FA94EE /* XCRemoteSwiftPackageReference "firebase-ios-sdk" */,
			);
			productRefGroup = D0DC67CA2C31A3BC00FA94EE /* Products */;
			projectDirPath = "";
			projectRoot = "";
			targets = (
				D0DC67C82C31A3BC00FA94EE /* ToDoList */,
			);
		};
/* End PBXProject section */

/* Begin PBXResourcesBuildPhase section */
		D0DC67C72C31A3BC00FA94EE /* Resources */ = {
			isa = PBXResourcesBuildPhase;
			buildActionMask = 2147483647;
			files = (
				D0DC67D42C31A3BD00FA94EE /* Preview Assets.xcassets in Resources */,
				D0DC67EE2C31AFA300FA94EE /* GoogleService-Info.plist in Resources */,
				D0DC67D12C31A3BD00FA94EE /* Assets.xcassets in Resources */,
			);
			runOnlyForDeploymentPostprocessing = 0;
		};
/* End PBXResourcesBuildPhase section */

/* Begin PBXSourcesBuildPhase section */
		D0DC67C52C31A3BC00FA94EE /* Sources */ = {
			isa = PBXSourcesBuildPhase;
			buildActionMask = 2147483647;
			files = (
				D0DC67FB2C32FC8300FA94EE /* LoginView.swift in Sources */,
				D0DC68132C330A4700FA94EE /* HeaderView.swift in Sources */,
				D0DC67CF2C31A3BC00FA94EE /* MainView.swift in Sources */,
				D0DC680F2C33000700FA94EE /* RegisterViewViewModel.swift in Sources */,
				D0DC68052C32FF0200FA94EE /* MainViewViewModel.swift in Sources */,
				D0DC67F72C32FC3400FA94EE /* ToDoListView.swift in Sources */,
				D0DC67FD2C32FCA600FA94EE /* RegisterView.swift in Sources */,
				D0DC68152C34514500FA94EE /* TLButton.swift in Sources */,
				D0DC68072C32FF3200FA94EE /* ProfileViewViewModel.swift in Sources */,
				D0DC67F52C32FC0300FA94EE /* ProfileView.swift in Sources */,
				D0DC68012C32FD7900FA94EE /* User.swift in Sources */,
				D0DC67FF2C32FD5000FA94EE /* ToDoListItemView.swift in Sources */,
				D0DC68092C32FF7B00FA94EE /* ToDoListViewViewModel.swift in Sources */,
				D0DC680D2C32FFEA00FA94EE /* LoginViewViewModel.swift in Sources */,
				D0DC67CD2C31A3BC00FA94EE /* ToDoListApp.swift in Sources */,
				D07C5FBB2C3704FD00BA224F /* Extensions.swift in Sources */,
				D0DC68032C32FD9A00FA94EE /* ToDoListItem.swift in Sources */,
				D0DC67F92C32FC6C00FA94EE /* NewItemView.swift in Sources */,
				D0DC680B2C32FFAB00FA94EE /* NewItemViewViewModel.swift in Sources */,
				D0DC68112C33008500FA94EE /* ToDoListItemViewViewModel.swift in Sources */,
			);
			runOnlyForDeploymentPostprocessing = 0;
		};
/* End PBXSourcesBuildPhase section */

/* Begin XCBuildConfiguration section */
		D0DC67D52C31A3BD00FA94EE /* Debug */ = {
			isa = XCBuildConfiguration;
			buildSettings = {
				ALWAYS_SEARCH_USER_PATHS = NO;
				ASSETCATALOG_COMPILER_GENERATE_SWIFT_ASSET_SYMBOL_EXTENSIONS = YES;
				CLANG_ANALYZER_NONNULL = YES;
				CLANG_ANALYZER_NUMBER_OBJECT_CONVERSION = YES_AGGRESSIVE;
				CLANG_CXX_LANGUAGE_STANDARD = "gnu++20";
				CLANG_ENABLE_MODULES = YES;
				CLANG_ENABLE_OBJC_ARC = YES;
				CLANG_ENABLE_OBJC_WEAK = YES;
				CLANG_WARN_BLOCK_CAPTURE_AUTORELEASING = YES;
				CLANG_WARN_BOOL_CONVERSION = YES;
				CLANG_WARN_COMMA = YES;
				CLANG_WARN_CONSTANT_CONVERSION = YES;
				CLANG_WARN_DEPRECATED_OBJC_IMPLEMENTATIONS = YES;
				CLANG_WARN_DIRECT_OBJC_ISA_USAGE = YES_ERROR;
				CLANG_WARN_DOCUMENTATION_COMMENTS = YES;
				CLANG_WARN_EMPTY_BODY = YES;
				CLANG_WARN_ENUM_CONVERSION = YES;
				CLANG_WARN_INFINITE_RECURSION = YES;
				CLANG_WARN_INT_CONVERSION = YES;
				CLANG_WARN_NON_LITERAL_NULL_CONVERSION = YES;
				CLANG_WARN_OBJC_IMPLICIT_RETAIN_SELF = YES;
				CLANG_WARN_OBJC_LITERAL_CONVERSION = YES;
				CLANG_WARN_OBJC_ROOT_CLASS = YES_ERROR;
				CLANG_WARN_QUOTED_INCLUDE_IN_FRAMEWORK_HEADER = YES;
				CLANG_WARN_RANGE_LOOP_ANALYSIS = YES;
				CLANG_WARN_STRICT_PROTOTYPES = YES;
				CLANG_WARN_SUSPICIOUS_MOVE = YES;
				CLANG_WARN_UNGUARDED_AVAILABILITY = YES_AGGRESSIVE;
				CLANG_WARN_UNREACHABLE_CODE = YES;
				CLANG_WARN__DUPLICATE_METHOD_MATCH = YES;
				COPY_PHASE_STRIP = NO;
				DEBUG_INFORMATION_FORMAT = dwarf;
				ENABLE_STRICT_OBJC_MSGSEND = YES;
				ENABLE_TESTABILITY = YES;
				ENABLE_USER_SCRIPT_SANDBOXING = YES;
				GCC_C_LANGUAGE_STANDARD = gnu17;
				GCC_DYNAMIC_NO_PIC = NO;
				GCC_NO_COMMON_BLOCKS = YES;
				GCC_OPTIMIZATION_LEVEL = 0;
				GCC_PREPROCESSOR_DEFINITIONS = (
					"DEBUG=1",
					"$(inherited)",
				);
				GCC_WARN_64_TO_32_BIT_CONVERSION = YES;
				GCC_WARN_ABOUT_RETURN_TYPE = YES_ERROR;
				GCC_WARN_UNDECLARED_SELECTOR = YES;
				GCC_WARN_UNINITIALIZED_AUTOS = YES_AGGRESSIVE;
				GCC_WARN_UNUSED_FUNCTION = YES;
				GCC_WARN_UNUSED_VARIABLE = YES;
				IPHONEOS_DEPLOYMENT_TARGET = 17.2;
				LOCALIZATION_PREFERS_STRING_CATALOGS = YES;
				MTL_ENABLE_DEBUG_INFO = INCLUDE_SOURCE;
				MTL_FAST_MATH = YES;
				ONLY_ACTIVE_ARCH = YES;
				SDKROOT = iphoneos;
				SWIFT_ACTIVE_COMPILATION_CONDITIONS = "DEBUG $(inherited)";
				SWIFT_OPTIMIZATION_LEVEL = "-Onone";
			};
			name = Debug;
		};
		D0DC67D62C31A3BD00FA94EE /* Release */ = {
			isa = XCBuildConfiguration;
			buildSettings = {
				ALWAYS_SEARCH_USER_PATHS = NO;
				ASSETCATALOG_COMPILER_GENERATE_SWIFT_ASSET_SYMBOL_EXTENSIONS = YES;
				CLANG_ANALYZER_NONNULL = YES;
				CLANG_ANALYZER_NUMBER_OBJECT_CONVERSION = YES_AGGRESSIVE;
				CLANG_CXX_LANGUAGE_STANDARD = "gnu++20";
				CLANG_ENABLE_MODULES = YES;
				CLANG_ENABLE_OBJC_ARC = YES;
				CLANG_ENABLE_OBJC_WEAK = YES;
				CLANG_WARN_BLOCK_CAPTURE_AUTORELEASING = YES;
				CLANG_WARN_BOOL_CONVERSION = YES;
				CLANG_WARN_COMMA = YES;
				CLANG_WARN_CONSTANT_CONVERSION = YES;
				CLANG_WARN_DEPRECATED_OBJC_IMPLEMENTATIONS = YES;
				CLANG_WARN_DIRECT_OBJC_ISA_USAGE = YES_ERROR;
				CLANG_WARN_DOCUMENTATION_COMMENTS = YES;
				CLANG_WARN_EMPTY_BODY = YES;
				CLANG_WARN_ENUM_CONVERSION = YES;
				CLANG_WARN_INFINITE_RECURSION = YES;
				CLANG_WARN_INT_CONVERSION = YES;
				CLANG_WARN_NON_LITERAL_NULL_CONVERSION = YES;
				CLANG_WARN_OBJC_IMPLICIT_RETAIN_SELF = YES;
				CLANG_WARN_OBJC_LITERAL_CONVERSION = YES;
				CLANG_WARN_OBJC_ROOT_CLASS = YES_ERROR;
				CLANG_WARN_QUOTED_INCLUDE_IN_FRAMEWORK_HEADER = YES;
				CLANG_WARN_RANGE_LOOP_ANALYSIS = YES;
				CLANG_WARN_STRICT_PROTOTYPES = YES;
				CLANG_WARN_SUSPICIOUS_MOVE = YES;
				CLANG_WARN_UNGUARDED_AVAILABILITY = YES_AGGRESSIVE;
				CLANG_WARN_UNREACHABLE_CODE = YES;
				CLANG_WARN__DUPLICATE_METHOD_MATCH = YES;
				COPY_PHASE_STRIP = NO;
				DEBUG_INFORMATION_FORMAT = "dwarf-with-dsym";
				ENABLE_NS_ASSERTIONS = NO;
				ENABLE_STRICT_OBJC_MSGSEND = YES;
				ENABLE_USER_SCRIPT_SANDBOXING = YES;
				GCC_C_LANGUAGE_STANDARD = gnu17;
				GCC_NO_COMMON_BLOCKS = YES;
				GCC_WARN_64_TO_32_BIT_CONVERSION = YES;
				GCC_WARN_ABOUT_RETURN_TYPE = YES_ERROR;
				GCC_WARN_UNDECLARED_SELECTOR = YES;
				GCC_WARN_UNINITIALIZED_AUTOS = YES_AGGRESSIVE;
				GCC_WARN_UNUSED_FUNCTION = YES;
				GCC_WARN_UNUSED_VARIABLE = YES;
				IPHONEOS_DEPLOYMENT_TARGET = 17.2;
				LOCALIZATION_PREFERS_STRING_CATALOGS = YES;
				MTL_ENABLE_DEBUG_INFO = NO;
				MTL_FAST_MATH = YES;
				SDKROOT = iphoneos;
				SWIFT_COMPILATION_MODE = wholemodule;
				VALIDATE_PRODUCT = YES;
			};
			name = Release;
		};
		D0DC67D82C31A3BD00FA94EE /* Debug */ = {
			isa = XCBuildConfiguration;
			buildSettings = {
				ASSETCATALOG_COMPILER_APPICON_NAME = AppIcon;
				ASSETCATALOG_COMPILER_GLOBAL_ACCENT_COLOR_NAME = AccentColor;
				CODE_SIGN_STYLE = Automatic;
				CURRENT_PROJECT_VERSION = 1;
				DEVELOPMENT_ASSET_PATHS = "\"ToDoList/Preview Content\"";
				DEVELOPMENT_TEAM = U6S885JLSX;
				ENABLE_PREVIEWS = YES;
				GENERATE_INFOPLIST_FILE = YES;
				INFOPLIST_KEY_CFBundleDisplayName = "To Do List";
				INFOPLIST_KEY_UIApplicationSceneManifest_Generation = YES;
				INFOPLIST_KEY_UIApplicationSupportsIndirectInputEvents = YES;
				INFOPLIST_KEY_UILaunchScreen_Generation = YES;
				INFOPLIST_KEY_UISupportedInterfaceOrientations = UIInterfaceOrientationPortrait;
				LD_RUNPATH_SEARCH_PATHS = (
					"$(inherited)",
					"@executable_path/Frameworks",
				);
				MARKETING_VERSION = 1.0;
				PRODUCT_BUNDLE_IDENTIFIER = home.ToDoList;
				PRODUCT_NAME = "$(TARGET_NAME)";
				SWIFT_EMIT_LOC_STRINGS = YES;
				SWIFT_VERSION = 5.0;
				TARGETED_DEVICE_FAMILY = "1,2";
			};
			name = Debug;
		};
		D0DC67D92C31A3BD00FA94EE /* Release */ = {
			isa = XCBuildConfiguration;
			buildSettings = {
				ASSETCATALOG_COMPILER_APPICON_NAME = AppIcon;
				ASSETCATALOG_COMPILER_GLOBAL_ACCENT_COLOR_NAME = AccentColor;
				CODE_SIGN_STYLE = Automatic;
				CURRENT_PROJECT_VERSION = 1;
				DEVELOPMENT_ASSET_PATHS = "\"ToDoList/Preview Content\"";
				DEVELOPMENT_TEAM = U6S885JLSX;
				ENABLE_PREVIEWS = YES;
				GENERATE_INFOPLIST_FILE = YES;
				INFOPLIST_KEY_CFBundleDisplayName = "To Do List";
				INFOPLIST_KEY_UIApplicationSceneManifest_Generation = YES;
				INFOPLIST_KEY_UIApplicationSupportsIndirectInputEvents = YES;
				INFOPLIST_KEY_UILaunchScreen_Generation = YES;
				INFOPLIST_KEY_UISupportedInterfaceOrientations = UIInterfaceOrientationPortrait;
				LD_RUNPATH_SEARCH_PATHS = (
					"$(inherited)",
					"@executable_path/Frameworks",
				);
				MARKETING_VERSION = 1.0;
				PRODUCT_BUNDLE_IDENTIFIER = home.ToDoList;
				PRODUCT_NAME = "$(TARGET_NAME)";
				SWIFT_EMIT_LOC_STRINGS = YES;
				SWIFT_VERSION = 5.0;
				TARGETED_DEVICE_FAMILY = "1,2";
			};
			name = Release;
		};
/* End XCBuildConfiguration section */

/* Begin XCConfigurationList section */
		D0DC67C42C31A3BC00FA94EE /* Build configuration list for PBXProject "ToDoList" */ = {
			isa = XCConfigurationList;
			buildConfigurations = (
				D0DC67D52C31A3BD00FA94EE /* Debug */,
				D0DC67D62C31A3BD00FA94EE /* Release */,
			);
			defaultConfigurationIsVisible = 0;
			defaultConfigurationName = Release;
		};
		D0DC67D72C31A3BD00FA94EE /* Build configuration list for PBXNativeTarget "ToDoList" */ = {
			isa = XCConfigurationList;
			buildConfigurations = (
				D0DC67D82C31A3BD00FA94EE /* Debug */,
				D0DC67D92C31A3BD00FA94EE /* Release */,
			);
			defaultConfigurationIsVisible = 0;
			defaultConfigurationName = Release;
		};
/* End XCConfigurationList section */

/* Begin XCRemoteSwiftPackageReference section */
		D0DC67DA2C31AC2100FA94EE /* XCRemoteSwiftPackageReference "firebase-ios-sdk" */ = {
			isa = XCRemoteSwiftPackageReference;
			repositoryURL = "https://github.com/firebase/firebase-ios-sdk.git";
			requirement = {
				kind = upToNextMajorVersion;
				minimumVersion = 10.28.1;
			};
		};
/* End XCRemoteSwiftPackageReference section */

/* Begin XCSwiftPackageProductDependency section */
		D07C5FB42C3703DB00BA224F /* FirebaseFirestore */ = {
			isa = XCSwiftPackageProductDependency;
			package = D0DC67DA2C31AC2100FA94EE /* XCRemoteSwiftPackageReference "firebase-ios-sdk" */;
			productName = FirebaseFirestore;
		};
		D07C5FB62C3703E200BA224F /* FirebaseFirestoreSwift */ = {
			isa = XCSwiftPackageProductDependency;
			package = D0DC67DA2C31AC2100FA94EE /* XCRemoteSwiftPackageReference "firebase-ios-sdk" */;
			productName = FirebaseFirestoreSwift;
		};
		D07C5FB82C3703EA00BA224F /* FirebaseFirestoreCombine-Community */ = {
			isa = XCSwiftPackageProductDependency;
			package = D0DC67DA2C31AC2100FA94EE /* XCRemoteSwiftPackageReference "firebase-ios-sdk" */;
			productName = "FirebaseFirestoreCombine-Community";
		};
		D0DC67DB2C31AC2100FA94EE /* FirebaseAnalytics */ = {
			isa = XCSwiftPackageProductDependency;
			package = D0DC67DA2C31AC2100FA94EE /* XCRemoteSwiftPackageReference "firebase-ios-sdk" */;
			productName = FirebaseAnalytics;
		};
		D0DC67DD2C31AC2100FA94EE /* FirebaseAnalyticsOnDeviceConversion */ = {
			isa = XCSwiftPackageProductDependency;
			package = D0DC67DA2C31AC2100FA94EE /* XCRemoteSwiftPackageReference "firebase-ios-sdk" */;
			productName = FirebaseAnalyticsOnDeviceConversion;
		};
		D0DC67DF2C31AC2100FA94EE /* FirebaseAnalyticsSwift */ = {
			isa = XCSwiftPackageProductDependency;
			package = D0DC67DA2C31AC2100FA94EE /* XCRemoteSwiftPackageReference "firebase-ios-sdk" */;
			productName = FirebaseAnalyticsSwift;
		};
		D0DC67E12C31AC2100FA94EE /* FirebaseAnalyticsWithoutAdIdSupport */ = {
			isa = XCSwiftPackageProductDependency;
			package = D0DC67DA2C31AC2100FA94EE /* XCRemoteSwiftPackageReference "firebase-ios-sdk" */;
			productName = FirebaseAnalyticsWithoutAdIdSupport;
		};
		D0DC67E32C31AC2100FA94EE /* FirebaseAppCheck */ = {
			isa = XCSwiftPackageProductDependency;
			package = D0DC67DA2C31AC2100FA94EE /* XCRemoteSwiftPackageReference "firebase-ios-sdk" */;
			productName = FirebaseAppCheck;
		};
		D0DC67E52C31AC2100FA94EE /* FirebaseAppDistribution-Beta */ = {
			isa = XCSwiftPackageProductDependency;
			package = D0DC67DA2C31AC2100FA94EE /* XCRemoteSwiftPackageReference "firebase-ios-sdk" */;
			productName = "FirebaseAppDistribution-Beta";
		};
		D0DC67E72C31AC2100FA94EE /* FirebaseAuth */ = {
			isa = XCSwiftPackageProductDependency;
			package = D0DC67DA2C31AC2100FA94EE /* XCRemoteSwiftPackageReference "firebase-ios-sdk" */;
			productName = FirebaseAuth;
		};
		D0DC67E92C31AC2100FA94EE /* FirebaseAuthCombine-Community */ = {
			isa = XCSwiftPackageProductDependency;
			package = D0DC67DA2C31AC2100FA94EE /* XCRemoteSwiftPackageReference "firebase-ios-sdk" */;
			productName = "FirebaseAuthCombine-Community";
		};
		D0DC67EB2C31AC2100FA94EE /* FirebaseCrashlytics */ = {
			isa = XCSwiftPackageProductDependency;
			package = D0DC67DA2C31AC2100FA94EE /* XCRemoteSwiftPackageReference "firebase-ios-sdk" */;
			productName = FirebaseCrashlytics;
		};
/* End XCSwiftPackageProductDependency section */
	};
	rootObject = D0DC67C12C31A3BC00FA94EE /* Project object */;
}
